
Microsoft Visual Studio Solution File, Format Version 12.00
# Visual Studio Version 17
VisualStudioVersion = 17.12.35707.178
MinimumVisualStudioVersion = 10.0.40219.1
Project("{FAE04EC0-301F-11D3-BF4B-00C04F79EFBC}") = "NetAngularStartup", "NetAngularStartup.csproj", "{EEAD2B32-0706-4057-8F07-F22EB98DC576}"
EndProject
Global
	GlobalSection(SolutionConfigurationPlatforms) = preSolution
		Debug|Any CPU = Debug|Any CPU
		Release|Any CPU = Release|Any CPU
	EndGlobalSection
	GlobalSection(ProjectConfigurationPlatforms) = postSolution
		{EEAD2B32-0706-4057-8F07-F22EB98DC576}.Debug|Any CPU.ActiveCfg = Debug|Any CPU
		{EEAD2B32-0706-4057-8F07-F22EB98DC576}.Debug|Any CPU.Build.0 = Debug|Any CPU
		{EEAD2B32-0706-4057-8F07-F22EB98DC576}.Release|Any CPU.ActiveCfg = Release|Any CPU
		{EEAD2B32-0706-4057-8F07-F22EB98DC576}.Release|Any CPU.Build.0 = Release|Any CPU
	EndGlobalSection
	GlobalSection(SolutionProperties) = preSolution
		HideSolutionNode = FALSE
	EndGlobalSection
EndGlobal
